
Microsoft Visual Studio Solution File, Format Version 12.00
# Visual Studio Version 17
VisualStudioVersion = 17.9.34723.18
MinimumVisualStudioVersion = 10.0.40219.1
Project("{FAE04EC0-301F-11D3-BF4B-00C04F79EFBC}") = "lab3console", "lab3console\lab3console.csproj", "{4450A657-D067-4D86-B237-866498B935A4}"
EndProject
Global
	GlobalSection(SolutionConfigurationPlatforms) = preSolution
		Debug|Any CPU = Debug|Any CPU
		Release|Any CPU = Release|Any CPU
	EndGlobalSection
	GlobalSection(ProjectConfigurationPlatforms) = postSolution
		{4450A657-D067-4D86-B237-866498B935A4}.Debug|Any CPU.ActiveCfg = Debug|Any CPU
		{4450A657-D067-4D86-B237-866498B935A4}.Debug|Any CPU.Build.0 = Debug|Any CPU
		{4450A657-D067-4D86-B237-866498B935A4}.Release|Any CPU.ActiveCfg = Release|Any CPU
		{4450A657-D067-4D86-B237-866498B935A4}.Release|Any CPU.Build.0 = Release|Any CPU
	EndGlobalSection
	GlobalSection(SolutionProperties) = preSolution
		HideSolutionNode = FALSE
	EndGlobalSection
	GlobalSection(ExtensibilityGlobals) = postSolution
		SolutionGuid = {28496011-23FF-48DC-8DE9-CF428EAA6F7A}
	EndGlobalSection
EndGlobal
